[main]
requirements = ["CacheControl==0.13.1", "Pygments==2.17.2", "blinker==1.7.0", "certifi==2023.11.17", "charset-normalizer==3.3.2", "dep-logic==0.0.4", "distlib==0.3.8", "filelock==3.13.1", "findpython==0.4.1", "idna==3.6", "installer==0.7.0", "markdown-it-py==3.0.0", "mdurl==0.1.2", "msgpack==1.0.7", "packaging==23.2", "pdm==2.12.1", "platformdirs==4.1.0", "pyproject_hooks==1.0.0", "python-dotenv==1.0.0", "requests-toolbelt==1.0.0", "requests==2.31.0", "resolvelib==1.0.1", "rich==13.7.0", "shellingham==1.5.4", "tomlkit==0.12.3", "truststore==0.8.0", "unearth==0.14.0", "urllib3==2.1.0", "virtualenv==20.25.0"]
hash = "ab061d9d4f9bea1cc2de64816d469baf"
