# generated by rye
# use `rye lock` or `rye sync` to update this lockfile
#
# last locked with the following flags:
#   pre: false
#   features: []
#   all-features: false
#   with-sources: false

-e file:.
chat-service-api @ git+https://github.com/viam-labs/chat-service-api.git@1254c3f54421406f105a86938139e0d620bb7f7d
    # via local-llm
diskcache==5.6.3
    # via llama-cpp-python
googleapis-common-protos==1.63.0
    # via viam-sdk
grpclib==0.4.7
    # via viam-sdk
h2==4.1.0
    # via grpclib
hpack==4.0.0
    # via h2
hyperframe==6.0.1
    # via h2
jinja2==3.1.3
    # via llama-cpp-python
llama-cpp-python==0.2.58
    # via local-llm
markupsafe==2.1.5
    # via jinja2
multidict==6.0.5
    # via grpclib
numpy==1.26.4
    # via llama-cpp-python
    # via local-llm
pillow==10.3.0
    # via viam-sdk
protobuf==4.25.3
    # via googleapis-common-protos
    # via viam-sdk
typing-extensions==4.10.0
    # via llama-cpp-python
    # via viam-sdk
viam-sdk==0.16.2
    # via chat-service-api
    # via local-llm
