# generated by rye
# use `rye lock` or `rye sync` to update this lockfile
#
# last locked with the following flags:
#   pre: false
#   features: []
#   all-features: false
#   with-sources: false
#   generate-hashes: false
#   universal: false

-e file:.
chat-service-api @ git+https://github.com/viam-labs/chat-service-api.git@6f44085a63cf90974e47ceee968c75cd96ee6ec9
    # via local-llm
diskcache==5.6.3
    # via llama-cpp-python-cross
dnspython==2.7.0
    # via pymongo
googleapis-common-protos==1.67.0
    # via viam-sdk
grpclib==0.4.7
    # via viam-sdk
h2==4.1.0
    # via grpclib
hpack==4.0.0
    # via h2
hyperframe==6.0.1
    # via h2
jinja2==3.1.3
    # via llama-cpp-python-cross
llama-cpp-python-cross==0.2.60
    # via local-llm
markupsafe==2.1.5
    # via jinja2
multidict==6.0.5
    # via grpclib
numpy==1.26.4
    # via llama-cpp-python-cross
    # via local-llm
protobuf==5.29.1
    # via googleapis-common-protos
    # via viam-sdk
pymongo==4.11.1
    # via viam-sdk
typing-extensions==4.12.2
    # via llama-cpp-python-cross
    # via viam-sdk
viam-sdk==0.40.0
    # via chat-service-api
    # via local-llm
